{
  "name": "bcurl",
  "version": "0.2.1",
  "lockfileVersion": 3,
  "requires": true,
  "packages": {
    "": {
      "name": "bcurl",
      "version": "0.2.1",
      "license": "MIT",
      "dependencies": {
        "brq": "~0.1.10",
        "bsert": "~0.0.12",
        "bsock": "~0.1.10"
      },
      "devDependencies": {
        "bmocha": "^2.1.8",
        "bts-type-deps": "^0.0.3"
      },
      "engines": {
        "node": ">=8.0.0"
      }
    },
    "node_modules/bmocha": {
      "version": "2.1.8",
      "resolved": "https://registry.npmjs.org/bmocha/-/bmocha-2.1.8.tgz",
      "integrity": "sha512-bog23Ckl9lRyBxrsi4FmX1rTz4d1WhHRpIA+q2lpoiXmNuroMHr1JUOU5sPiMZwvhLCxqffvWv3xCJC7PC126w==",
      "dev": true,
      "bin": {
        "_bmocha": "bin/_bmocha",
        "bmocha": "bin/bmocha"
      },
      "engines": {
        "node": ">=8.0.0"
      }
    },
    "node_modules/brq": {
      "version": "0.1.10",
      "resolved": "https://registry.npmjs.org/brq/-/brq-0.1.10.tgz",
      "integrity": "sha512-iil4TtQWw9Wb2G+mEP0iHqM8Q16mHINJzR5wHTsfKZTtcOVoEGj6yX3ed7yLQ92KR4QO9KjlrlO7/Y7766i7Tw==",
      "dependencies": {
        "bsert": "~0.0.12"
      },
      "engines": {
        "node": ">=8.0.0"
      }
    },
    "node_modules/bsert": {
      "version": "0.0.12",
      "resolved": "https://registry.npmjs.org/bsert/-/bsert-0.0.12.tgz",
      "integrity": "sha512-lUB0EMu4KhIf+VQ6RZJ7J3dFdohYSeta+gNgDi00Hi/t3k/W6xZlwm9PSSG0q7hJ2zW9Rsn5yaMPymETxroTRw==",
      "engines": {
        "node": ">=8.0.0"
      }
    },
    "node_modules/bsock": {
      "version": "0.1.10",
      "resolved": "https://registry.npmjs.org/bsock/-/bsock-0.1.10.tgz",
      "integrity": "sha512-zC55FuK+Xs/09UDViRiZpcTA9Ck4q74A6WgzQH9DeQDc+snOglwzt+RaXZUSvtmFAt3theb7wYxTZBoXNx0DtA==",
      "dependencies": {
        "bsert": "~0.0.12"
      },
      "engines": {
        "node": ">=8.0.0"
      }
    },
    "node_modules/bts-type-deps": {
      "version": "0.0.3",
      "resolved": "https://registry.npmjs.org/bts-type-deps/-/bts-type-deps-0.0.3.tgz",
      "integrity": "sha512-OQHGWhX5amae6Vj6ShlGaQu0sNCICgJ5YspNZPRzfR5RobrD+wjm5vkZK/J3EH5b/ymxqSWo9VkiFNpCxjaG2Q==",
      "dev": true
    }
  }
}
